
Microsoft Visual Studio Solution File, Format Version 12.00
# Visual Studio Version 16
VisualStudioVersion = 16.0.29519.181
MinimumVisualStudioVersion = 10.0.40219.1
Project("{FAE04EC0-301F-11D3-BF4B-00C04F79EFBC}") = "BethanysPies", "BethanysPies\BethanysPies.csproj", "{4244590E-2720-469A-97D6-ACC5C0A2754C}"
EndProject
Global
	GlobalSection(SolutionConfigurationPlatforms) = preSolution
		Debug|Any CPU = Debug|Any CPU
		Release|Any CPU = Release|Any CPU
	EndGlobalSection
	GlobalSection(ProjectConfigurationPlatforms) = postSolution
		{4244590E-2720-469A-97D6-ACC5C0A2754C}.Debug|Any CPU.ActiveCfg = Debug|Any CPU
		{4244590E-2720-469A-97D6-ACC5C0A2754C}.Debug|Any CPU.Build.0 = Debug|Any CPU
		{4244590E-2720-469A-97D6-ACC5C0A2754C}.Release|Any CPU.ActiveCfg = Release|Any CPU
		{4244590E-2720-469A-97D6-ACC5C0A2754C}.Release|Any CPU.Build.0 = Release|Any CPU
	EndGlobalSection
	GlobalSection(SolutionProperties) = preSolution
		HideSolutionNode = FALSE
	EndGlobalSection
	GlobalSection(ExtensibilityGlobals) = postSolution
		SolutionGuid = {CD620491-32B7-4412-A28A-622587DA6CDC}
	EndGlobalSection
EndGlobal
